{
  "name": "among-us-real-life",
  "lockfileVersion": 3,
  "requires": true,
  "packages": {
    "": {
      "dependencies": {
        "@pgrabovets/json-view": "^2.7.1",
        "json-formatter-js": "^2.3.4"
      }
    },
    "node_modules/@pgrabovets/json-view": {
      "version": "2.7.1",
      "resolved": "https://registry.npmjs.org/@pgrabovets/json-view/-/json-view-2.7.1.tgz",
      "integrity": "sha512-XfmWNyy47GCXmPTgU3ZKiylqt+63MakjAnqKNfyF6u2tY+BtYhqq0eDU4SmddXJ7zNeNZocN+mfiQNENQFUrjA=="
    },
    "node_modules/json-formatter-js": {
      "version": "2.3.4",
      "resolved": "https://registry.npmjs.org/json-formatter-js/-/json-formatter-js-2.3.4.tgz",
      "integrity": "sha512-gmAzYRtPRmYzeAT4T7+t3NhTF89JOAIioCVDddl9YDb3ls3kWcskirafw/MZGJaRhEU6fRimGJHl7CC7gaAI2Q=="
    }
  }
}
